
Microsoft Visual Studio Solution File, Format Version 12.00
# Visual Studio 15
VisualStudioVersion = 15.0.26430.14
MinimumVisualStudioVersion = 10.0.40219.1
Project("{FAE04EC0-301F-11D3-BF4B-00C04F79EFBC}") = "01.HarvestingFields", "01.HarvestingFields\01.HarvestingFields.csproj", "{BC5E609B-7D2F-40FF-ABEB-B43051559ADC}"
EndProject
Project("{FAE04EC0-301F-11D3-BF4B-00C04F79EFBC}") = "02.BlackBoxInteger", "02.BlackBoxInteger\02.BlackBoxInteger.csproj", "{F214BC4F-C41D-4C82-9879-5C8FCE78C0FF}"
EndProject
Global
	GlobalSection(SolutionConfigurationPlatforms) = preSolution
		Debug|Any CPU = Debug|Any CPU
		Release|Any CPU = Release|Any CPU
	EndGlobalSection
	GlobalSection(ProjectConfigurationPlatforms) = postSolution
		{BC5E609B-7D2F-40FF-ABEB-B43051559ADC}.Debug|Any CPU.ActiveCfg = Debug|Any CPU
		{BC5E609B-7D2F-40FF-ABEB-B43051559ADC}.Debug|Any CPU.Build.0 = Debug|Any CPU
		{BC5E609B-7D2F-40FF-ABEB-B43051559ADC}.Release|Any CPU.ActiveCfg = Release|Any CPU
		{BC5E609B-7D2F-40FF-ABEB-B43051559ADC}.Release|Any CPU.Build.0 = Release|Any CPU
		{F214BC4F-C41D-4C82-9879-5C8FCE78C0FF}.Debug|Any CPU.ActiveCfg = Debug|Any CPU
		{F214BC4F-C41D-4C82-9879-5C8FCE78C0FF}.Debug|Any CPU.Build.0 = Debug|Any CPU
		{F214BC4F-C41D-4C82-9879-5C8FCE78C0FF}.Release|Any CPU.ActiveCfg = Release|Any CPU
		{F214BC4F-C41D-4C82-9879-5C8FCE78C0FF}.Release|Any CPU.Build.0 = Release|Any CPU
	EndGlobalSection
	GlobalSection(SolutionProperties) = preSolution
		HideSolutionNode = FALSE
	EndGlobalSection
EndGlobal
