
Microsoft Visual Studio Solution File, Format Version 12.00
# Visual Studio 15
VisualStudioVersion = 15.0.26430.14
MinimumVisualStudioVersion = 10.0.40219.1
Project("{FAE04EC0-301F-11D3-BF4B-00C04F79EFBC}") = "01.Cards", "01.Cards\01.Cards.csproj", "{D772A2F2-BF49-4876-942D-BB0804565180}"
EndProject
Project("{FAE04EC0-301F-11D3-BF4B-00C04F79EFBC}") = "09.TrafficLights", "09.TrafficLights\09.TrafficLights.csproj", "{75855391-9EF0-4446-815B-05508D625391}"
EndProject
Global
	GlobalSection(SolutionConfigurationPlatforms) = preSolution
		Debug|Any CPU = Debug|Any CPU
		Release|Any CPU = Release|Any CPU
	EndGlobalSection
	GlobalSection(ProjectConfigurationPlatforms) = postSolution
		{D772A2F2-BF49-4876-942D-BB0804565180}.Debug|Any CPU.ActiveCfg = Debug|Any CPU
		{D772A2F2-BF49-4876-942D-BB0804565180}.Debug|Any CPU.Build.0 = Debug|Any CPU
		{D772A2F2-BF49-4876-942D-BB0804565180}.Release|Any CPU.ActiveCfg = Release|Any CPU
		{D772A2F2-BF49-4876-942D-BB0804565180}.Release|Any CPU.Build.0 = Release|Any CPU
		{75855391-9EF0-4446-815B-05508D625391}.Debug|Any CPU.ActiveCfg = Debug|Any CPU
		{75855391-9EF0-4446-815B-05508D625391}.Debug|Any CPU.Build.0 = Debug|Any CPU
		{75855391-9EF0-4446-815B-05508D625391}.Release|Any CPU.ActiveCfg = Release|Any CPU
		{75855391-9EF0-4446-815B-05508D625391}.Release|Any CPU.Build.0 = Release|Any CPU
	EndGlobalSection
	GlobalSection(SolutionProperties) = preSolution
		HideSolutionNode = FALSE
	EndGlobalSection
EndGlobal
