
Microsoft Visual Studio Solution File, Format Version 12.00
# Visual Studio 15
VisualStudioVersion = 15.0.26430.14
MinimumVisualStudioVersion = 10.0.40219.1
Project("{FAE04EC0-301F-11D3-BF4B-00C04F79EFBC}") = "Demo", "Demo\Demo.csproj", "{7809DA63-C9F3-4AB6-9247-C725B8EC238C}"
EndProject
Project("{FAE04EC0-301F-11D3-BF4B-00C04F79EFBC}") = "01.Stealer", "01.Stealer\01.Stealer.csproj", "{3D682D5B-597E-4BF6-89AB-5DC4F7A8DD9A}"
EndProject
Global
	GlobalSection(SolutionConfigurationPlatforms) = preSolution
		Debug|Any CPU = Debug|Any CPU
		Release|Any CPU = Release|Any CPU
	EndGlobalSection
	GlobalSection(ProjectConfigurationPlatforms) = postSolution
		{7809DA63-C9F3-4AB6-9247-C725B8EC238C}.Debug|Any CPU.ActiveCfg = Debug|Any CPU
		{7809DA63-C9F3-4AB6-9247-C725B8EC238C}.Debug|Any CPU.Build.0 = Debug|Any CPU
		{7809DA63-C9F3-4AB6-9247-C725B8EC238C}.Release|Any CPU.ActiveCfg = Release|Any CPU
		{7809DA63-C9F3-4AB6-9247-C725B8EC238C}.Release|Any CPU.Build.0 = Release|Any CPU
		{3D682D5B-597E-4BF6-89AB-5DC4F7A8DD9A}.Debug|Any CPU.ActiveCfg = Debug|Any CPU
		{3D682D5B-597E-4BF6-89AB-5DC4F7A8DD9A}.Debug|Any CPU.Build.0 = Debug|Any CPU
		{3D682D5B-597E-4BF6-89AB-5DC4F7A8DD9A}.Release|Any CPU.ActiveCfg = Release|Any CPU
		{3D682D5B-597E-4BF6-89AB-5DC4F7A8DD9A}.Release|Any CPU.Build.0 = Release|Any CPU
	EndGlobalSection
	GlobalSection(SolutionProperties) = preSolution
		HideSolutionNode = FALSE
	EndGlobalSection
EndGlobal
